
Microsoft Visual Studio Solution File, Format Version 12.00
# Visual Studio Version 16
VisualStudioVersion = 16.0.30523.141
MinimumVisualStudioVersion = 10.0.40219.1
Project("{8BC9CEB8-8B4A-11D0-8D11-00A0C91BC942}") = "6.2R", "6.2R\6.2R.vcxproj", "{B81D538E-239A-42F0-9EF0-4DB2C0E72627}"
EndProject
Project("{8BC9CEB8-8B4A-11D0-8D11-00A0C91BC942}") = "62R", "62R\62R.vcxproj", "{6D15184A-12CC-4DFC-A5D5-79FED276E47E}"
EndProject
Global
	GlobalSection(SolutionConfigurationPlatforms) = preSolution
		Debug|x64 = Debug|x64
		Debug|x86 = Debug|x86
		Release|x64 = Release|x64
		Release|x86 = Release|x86
	EndGlobalSection
	GlobalSection(ProjectConfigurationPlatforms) = postSolution
		{B81D538E-239A-42F0-9EF0-4DB2C0E72627}.Debug|x64.ActiveCfg = Debug|x64
		{B81D538E-239A-42F0-9EF0-4DB2C0E72627}.Debug|x64.Build.0 = Debug|x64
		{B81D538E-239A-42F0-9EF0-4DB2C0E72627}.Debug|x86.ActiveCfg = Debug|Win32
		{B81D538E-239A-42F0-9EF0-4DB2C0E72627}.Debug|x86.Build.0 = Debug|Win32
		{B81D538E-239A-42F0-9EF0-4DB2C0E72627}.Release|x64.ActiveCfg = Release|x64
		{B81D538E-239A-42F0-9EF0-4DB2C0E72627}.Release|x64.Build.0 = Release|x64
		{B81D538E-239A-42F0-9EF0-4DB2C0E72627}.Release|x86.ActiveCfg = Release|Win32
		{B81D538E-239A-42F0-9EF0-4DB2C0E72627}.Release|x86.Build.0 = Release|Win32
		{6D15184A-12CC-4DFC-A5D5-79FED276E47E}.Debug|x64.ActiveCfg = Debug|x64
		{6D15184A-12CC-4DFC-A5D5-79FED276E47E}.Debug|x64.Build.0 = Debug|x64
		{6D15184A-12CC-4DFC-A5D5-79FED276E47E}.Debug|x86.ActiveCfg = Debug|Win32
		{6D15184A-12CC-4DFC-A5D5-79FED276E47E}.Debug|x86.Build.0 = Debug|Win32
		{6D15184A-12CC-4DFC-A5D5-79FED276E47E}.Release|x64.ActiveCfg = Release|x64
		{6D15184A-12CC-4DFC-A5D5-79FED276E47E}.Release|x64.Build.0 = Release|x64
		{6D15184A-12CC-4DFC-A5D5-79FED276E47E}.Release|x86.ActiveCfg = Release|Win32
		{6D15184A-12CC-4DFC-A5D5-79FED276E47E}.Release|x86.Build.0 = Release|Win32
	EndGlobalSection
	GlobalSection(SolutionProperties) = preSolution
		HideSolutionNode = FALSE
	EndGlobalSection
	GlobalSection(ExtensibilityGlobals) = postSolution
		SolutionGuid = {599017D5-2A41-410C-8FDB-84DC0E999EE1}
	EndGlobalSection
EndGlobal
